
Microsoft Visual Studio Solution File, Format Version 12.00
# Visual Studio Express 2013 for Web
VisualStudioVersion = 12.0.21005.1
MinimumVisualStudioVersion = 10.0.40219.1
Project("{2150E333-8FDC-42A3-9474-1A3956D46DE8}") = "Business", "Business", "{DDB47C04-9770-4DDB-BA83-3D6727DFB6DA}"
EndProject
Project("{2150E333-8FDC-42A3-9474-1A3956D46DE8}") = "Client", "Client", "{C71E2107-0166-4E6C-9639-52586ECA3766}"
EndProject
Project("{2150E333-8FDC-42A3-9474-1A3956D46DE8}") = "Hosting", "Hosting", "{54EC0EE0-952E-436F-BF44-BA71AC658A84}"
EndProject
Project("{2150E333-8FDC-42A3-9474-1A3956D46DE8}") = "Test", "Test", "{CC76A3AB-F8D3-4096-B9FF-4C129F32BF3E}"
EndProject
Project("{2150E333-8FDC-42A3-9474-1A3956D46DE8}") = "Core", "Core", "{A23D0094-929B-4C8C-9183-A29AFA7094F6}"
EndProject
Project("{FAE04EC0-301F-11D3-BF4B-00C04F79EFBC}") = "CarRental.Business.Entities", "CarRental.Business.Entities\CarRental.Business.Entities.csproj", "{6DD0E602-6286-4F9B-AA47-C76E9C5044F2}"
EndProject
Project("{FAE04EC0-301F-11D3-BF4B-00C04F79EFBC}") = "CarRental.Client.Entities", "CarRental.Client.Entities\CarRental.Client.Entities.csproj", "{F05DF28A-0269-4E55-8939-1E41CA970081}"
EndProject
Project("{FAE04EC0-301F-11D3-BF4B-00C04F79EFBC}") = "Core.Common", "Core.Common\Core.Common.csproj", "{86D1A0E1-6B6A-4970-8026-17A9E583488D}"
EndProject
Project("{FAE04EC0-301F-11D3-BF4B-00C04F79EFBC}") = "Core.Common.Contracts", "Core.Common.Contracts\Core.Common.Contracts.csproj", "{448DB23E-0018-4E8F-9770-F286ADB7470C}"
EndProject
Project("{FAE04EC0-301F-11D3-BF4B-00C04F79EFBC}") = "Core.Common.Tests", "Core.Common.Tests\Core.Common.Tests.csproj", "{4721BAE4-6CCA-43BF-B272-1393A264BB4F}"
EndProject
Project("{2150E333-8FDC-42A3-9474-1A3956D46DE8}") = "Resource Access", "Resource Access", "{03AA8A49-247B-4EBA-A1D4-CB5B327BC5A0}"
EndProject
Project("{FAE04EC0-301F-11D3-BF4B-00C04F79EFBC}") = "CarRental.Data", "CarRental.Data\CarRental.Data.csproj", "{A28C189D-A8D4-480D-B307-4D1E455A06A2}"
EndProject
Project("{FAE04EC0-301F-11D3-BF4B-00C04F79EFBC}") = "CarRental.Data.Contracts", "CarRental.Data.Contracts\CarRental.Data.Contracts.csproj", "{E6E21B03-6DB5-4B5C-972C-C8620AFF5390}"
EndProject
Project("{FAE04EC0-301F-11D3-BF4B-00C04F79EFBC}") = "CarRental.Business.Bootstrapper", "CarRental.Business.Bootstrapper\CarRental.Business.Bootstrapper.csproj", "{9520BB76-A072-488B-AFB3-4E8A77EFCC3A}"
EndProject
Project("{FAE04EC0-301F-11D3-BF4B-00C04F79EFBC}") = "CarRental.Data.Test", "CarRental.Data.Test\CarRental.Data.Test.csproj", "{E627D289-49D8-4DB4-8E77-5EFCE7C7C103}"
EndProject
Project("{FAE04EC0-301F-11D3-BF4B-00C04F79EFBC}") = "CarRental.Business.Contracts", "CarRental.Business.Contracts\CarRental.Business.Contracts.csproj", "{CA10F737-46F7-4450-8FFE-66B88A73597A}"
EndProject
Project("{FAE04EC0-301F-11D3-BF4B-00C04F79EFBC}") = "CarRental.Business.Managers", "CarRental.Business.Managers\CarRental.Business.Managers.csproj", "{710E18FF-FB9A-474F-B5CD-2E342DB88E3B}"
EndProject
Project("{FAE04EC0-301F-11D3-BF4B-00C04F79EFBC}") = "CarRental.Business", "CarRental.Business\CarRental.Business.csproj", "{73D1DDEA-E6E2-40D3-96CF-F91BB0203606}"
EndProject
Project("{FAE04EC0-301F-11D3-BF4B-00C04F79EFBC}") = "CarRental.Business.Common", "CarRental.Business.Common\CarRental.Business.Common.csproj", "{789A4159-92DC-4FD8-B832-93C69C33F22A}"
EndProject
Project("{FAE04EC0-301F-11D3-BF4B-00C04F79EFBC}") = "CarRental.Common", "CarRental.Common\CarRental.Common.csproj", "{13B197A4-46DF-48EA-B9DB-AA307AB609EB}"
EndProject
Project("{FAE04EC0-301F-11D3-BF4B-00C04F79EFBC}") = "CarRental.Common.Contracts", "CarRental.Common.Contracts\CarRental.Common.Contracts.csproj", "{3F3E2162-A8F0-4E69-8DED-665AF52C01B6}"
EndProject
Project("{FAE04EC0-301F-11D3-BF4B-00C04F79EFBC}") = "Core.Common.ServiceModel", "Core.Common.ServiceModel\Core.Common.ServiceModel.csproj", "{B0E605C0-B1B2-4FBA-9F65-435B59CEF1E9}"
EndProject
Project("{FAE04EC0-301F-11D3-BF4B-00C04F79EFBC}") = "CarRental.Business.Tests", "CarRental.Business.Tests\CarRental.Business.Tests.csproj", "{5E4CCBC0-89CD-4F1F-ABBE-219EED52D4A9}"
EndProject
Project("{FAE04EC0-301F-11D3-BF4B-00C04F79EFBC}") = "CarRental.Business.Managers.Tests", "CarRental.Business.Managers.Tests\CarRental.Business.Managers.Tests.csproj", "{CB69FCAE-C430-413B-B822-6EEFFE281F48}"
EndProject
Project("{FAE04EC0-301F-11D3-BF4B-00C04F79EFBC}") = "CarRental.ServiceHost.Console", "CarRental.ServiceHost.Console\CarRental.ServiceHost.Console.csproj", "{212DFCF4-8C20-4C2C-9986-BAE77098255E}"
EndProject
Project("{FAE04EC0-301F-11D3-BF4B-00C04F79EFBC}") = "CarRental.ServiceHost.Tests", "CarRental.ServiceHost.Tests\CarRental.ServiceHost.Tests.csproj", "{27B0EE4D-1257-40A8-BBB7-1858D3E896FF}"
EndProject
Project("{FAE04EC0-301F-11D3-BF4B-00C04F79EFBC}") = "CarRental.Client.Contracts", "CarRental.Client.Contracts\CarRental.Client.Contracts.csproj", "{8151BDE7-F27F-4CF5-8F06-AD2F5ADBC954}"
EndProject
Project("{2150E333-8FDC-42A3-9474-1A3956D46DE8}") = "Common", "Common", "{F59CEDAD-A49F-4C6A-ABB3-5ECFE205A7E2}"
EndProject
Project("{FAE04EC0-301F-11D3-BF4B-00C04F79EFBC}") = "CarRental.Client.Proxies", "CarRental.Client.Proxies\CarRental.Client.Proxies.csproj", "{51C2BF79-8BFA-4EA0-8BE3-176EE2BC73DF}"
EndProject
Project("{FAE04EC0-301F-11D3-BF4B-00C04F79EFBC}") = "CarRental.Client.Bootstrapper", "CarRental.Client.Bootstrapper\CarRental.Client.Bootstrapper.csproj", "{BBCE998C-0FD4-47E1-B282-DDA2E7288B83}"
EndProject
Project("{FAE04EC0-301F-11D3-BF4B-00C04F79EFBC}") = "CarRental.Client.Proxies.Tests", "CarRental.Client.Proxies.Tests\CarRental.Client.Proxies.Tests.csproj", "{B5FF3A1A-18D6-4951-9496-16CEA01B5AFE}"
EndProject
Global
	GlobalSection(SolutionConfigurationPlatforms) = preSolution
		Debug|Any CPU = Debug|Any CPU
		Release|Any CPU = Release|Any CPU
	EndGlobalSection
	GlobalSection(ProjectConfigurationPlatforms) = postSolution
		{6DD0E602-6286-4F9B-AA47-C76E9C5044F2}.Debug|Any CPU.ActiveCfg = Debug|Any CPU
		{6DD0E602-6286-4F9B-AA47-C76E9C5044F2}.Debug|Any CPU.Build.0 = Debug|Any CPU
		{6DD0E602-6286-4F9B-AA47-C76E9C5044F2}.Release|Any CPU.ActiveCfg = Release|Any CPU
		{6DD0E602-6286-4F9B-AA47-C76E9C5044F2}.Release|Any CPU.Build.0 = Release|Any CPU
		{F05DF28A-0269-4E55-8939-1E41CA970081}.Debug|Any CPU.ActiveCfg = Debug|Any CPU
		{F05DF28A-0269-4E55-8939-1E41CA970081}.Debug|Any CPU.Build.0 = Debug|Any CPU
		{F05DF28A-0269-4E55-8939-1E41CA970081}.Release|Any CPU.ActiveCfg = Release|Any CPU
		{F05DF28A-0269-4E55-8939-1E41CA970081}.Release|Any CPU.Build.0 = Release|Any CPU
		{86D1A0E1-6B6A-4970-8026-17A9E583488D}.Debug|Any CPU.ActiveCfg = Debug|Any CPU
		{86D1A0E1-6B6A-4970-8026-17A9E583488D}.Debug|Any CPU.Build.0 = Debug|Any CPU
		{86D1A0E1-6B6A-4970-8026-17A9E583488D}.Release|Any CPU.ActiveCfg = Release|Any CPU
		{86D1A0E1-6B6A-4970-8026-17A9E583488D}.Release|Any CPU.Build.0 = Release|Any CPU
		{448DB23E-0018-4E8F-9770-F286ADB7470C}.Debug|Any CPU.ActiveCfg = Debug|Any CPU
		{448DB23E-0018-4E8F-9770-F286ADB7470C}.Debug|Any CPU.Build.0 = Debug|Any CPU
		{448DB23E-0018-4E8F-9770-F286ADB7470C}.Release|Any CPU.ActiveCfg = Release|Any CPU
		{448DB23E-0018-4E8F-9770-F286ADB7470C}.Release|Any CPU.Build.0 = Release|Any CPU
		{4721BAE4-6CCA-43BF-B272-1393A264BB4F}.Debug|Any CPU.ActiveCfg = Debug|Any CPU
		{4721BAE4-6CCA-43BF-B272-1393A264BB4F}.Debug|Any CPU.Build.0 = Debug|Any CPU
		{4721BAE4-6CCA-43BF-B272-1393A264BB4F}.Release|Any CPU.ActiveCfg = Release|Any CPU
		{4721BAE4-6CCA-43BF-B272-1393A264BB4F}.Release|Any CPU.Build.0 = Release|Any CPU
		{A28C189D-A8D4-480D-B307-4D1E455A06A2}.Debug|Any CPU.ActiveCfg = Debug|Any CPU
		{A28C189D-A8D4-480D-B307-4D1E455A06A2}.Debug|Any CPU.Build.0 = Debug|Any CPU
		{A28C189D-A8D4-480D-B307-4D1E455A06A2}.Release|Any CPU.ActiveCfg = Release|Any CPU
		{A28C189D-A8D4-480D-B307-4D1E455A06A2}.Release|Any CPU.Build.0 = Release|Any CPU
		{E6E21B03-6DB5-4B5C-972C-C8620AFF5390}.Debug|Any CPU.ActiveCfg = Debug|Any CPU
		{E6E21B03-6DB5-4B5C-972C-C8620AFF5390}.Debug|Any CPU.Build.0 = Debug|Any CPU
		{E6E21B03-6DB5-4B5C-972C-C8620AFF5390}.Release|Any CPU.ActiveCfg = Release|Any CPU
		{E6E21B03-6DB5-4B5C-972C-C8620AFF5390}.Release|Any CPU.Build.0 = Release|Any CPU
		{9520BB76-A072-488B-AFB3-4E8A77EFCC3A}.Debug|Any CPU.ActiveCfg = Debug|Any CPU
		{9520BB76-A072-488B-AFB3-4E8A77EFCC3A}.Debug|Any CPU.Build.0 = Debug|Any CPU
		{9520BB76-A072-488B-AFB3-4E8A77EFCC3A}.Release|Any CPU.ActiveCfg = Release|Any CPU
		{9520BB76-A072-488B-AFB3-4E8A77EFCC3A}.Release|Any CPU.Build.0 = Release|Any CPU
		{E627D289-49D8-4DB4-8E77-5EFCE7C7C103}.Debug|Any CPU.ActiveCfg = Debug|Any CPU
		{E627D289-49D8-4DB4-8E77-5EFCE7C7C103}.Debug|Any CPU.Build.0 = Debug|Any CPU
		{E627D289-49D8-4DB4-8E77-5EFCE7C7C103}.Release|Any CPU.ActiveCfg = Release|Any CPU
		{E627D289-49D8-4DB4-8E77-5EFCE7C7C103}.Release|Any CPU.Build.0 = Release|Any CPU
		{CA10F737-46F7-4450-8FFE-66B88A73597A}.Debug|Any CPU.ActiveCfg = Debug|Any CPU
		{CA10F737-46F7-4450-8FFE-66B88A73597A}.Debug|Any CPU.Build.0 = Debug|Any CPU
		{CA10F737-46F7-4450-8FFE-66B88A73597A}.Release|Any CPU.ActiveCfg = Release|Any CPU
		{CA10F737-46F7-4450-8FFE-66B88A73597A}.Release|Any CPU.Build.0 = Release|Any CPU
		{710E18FF-FB9A-474F-B5CD-2E342DB88E3B}.Debug|Any CPU.ActiveCfg = Debug|Any CPU
		{710E18FF-FB9A-474F-B5CD-2E342DB88E3B}.Debug|Any CPU.Build.0 = Debug|Any CPU
		{710E18FF-FB9A-474F-B5CD-2E342DB88E3B}.Release|Any CPU.ActiveCfg = Release|Any CPU
		{710E18FF-FB9A-474F-B5CD-2E342DB88E3B}.Release|Any CPU.Build.0 = Release|Any CPU
		{73D1DDEA-E6E2-40D3-96CF-F91BB0203606}.Debug|Any CPU.ActiveCfg = Debug|Any CPU
		{73D1DDEA-E6E2-40D3-96CF-F91BB0203606}.Debug|Any CPU.Build.0 = Debug|Any CPU
		{73D1DDEA-E6E2-40D3-96CF-F91BB0203606}.Release|Any CPU.ActiveCfg = Release|Any CPU
		{73D1DDEA-E6E2-40D3-96CF-F91BB0203606}.Release|Any CPU.Build.0 = Release|Any CPU
		{789A4159-92DC-4FD8-B832-93C69C33F22A}.Debug|Any CPU.ActiveCfg = Debug|Any CPU
		{789A4159-92DC-4FD8-B832-93C69C33F22A}.Debug|Any CPU.Build.0 = Debug|Any CPU
		{789A4159-92DC-4FD8-B832-93C69C33F22A}.Release|Any CPU.ActiveCfg = Release|Any CPU
		{789A4159-92DC-4FD8-B832-93C69C33F22A}.Release|Any CPU.Build.0 = Release|Any CPU
		{13B197A4-46DF-48EA-B9DB-AA307AB609EB}.Debug|Any CPU.ActiveCfg = Debug|Any CPU
		{13B197A4-46DF-48EA-B9DB-AA307AB609EB}.Debug|Any CPU.Build.0 = Debug|Any CPU
		{13B197A4-46DF-48EA-B9DB-AA307AB609EB}.Release|Any CPU.ActiveCfg = Release|Any CPU
		{13B197A4-46DF-48EA-B9DB-AA307AB609EB}.Release|Any CPU.Build.0 = Release|Any CPU
		{3F3E2162-A8F0-4E69-8DED-665AF52C01B6}.Debug|Any CPU.ActiveCfg = Debug|Any CPU
		{3F3E2162-A8F0-4E69-8DED-665AF52C01B6}.Debug|Any CPU.Build.0 = Debug|Any CPU
		{3F3E2162-A8F0-4E69-8DED-665AF52C01B6}.Release|Any CPU.ActiveCfg = Release|Any CPU
		{3F3E2162-A8F0-4E69-8DED-665AF52C01B6}.Release|Any CPU.Build.0 = Release|Any CPU
		{B0E605C0-B1B2-4FBA-9F65-435B59CEF1E9}.Debug|Any CPU.ActiveCfg = Debug|Any CPU
		{B0E605C0-B1B2-4FBA-9F65-435B59CEF1E9}.Debug|Any CPU.Build.0 = Debug|Any CPU
		{B0E605C0-B1B2-4FBA-9F65-435B59CEF1E9}.Release|Any CPU.ActiveCfg = Release|Any CPU
		{B0E605C0-B1B2-4FBA-9F65-435B59CEF1E9}.Release|Any CPU.Build.0 = Release|Any CPU
		{5E4CCBC0-89CD-4F1F-ABBE-219EED52D4A9}.Debug|Any CPU.ActiveCfg = Debug|Any CPU
		{5E4CCBC0-89CD-4F1F-ABBE-219EED52D4A9}.Debug|Any CPU.Build.0 = Debug|Any CPU
		{5E4CCBC0-89CD-4F1F-ABBE-219EED52D4A9}.Release|Any CPU.ActiveCfg = Release|Any CPU
		{5E4CCBC0-89CD-4F1F-ABBE-219EED52D4A9}.Release|Any CPU.Build.0 = Release|Any CPU
		{CB69FCAE-C430-413B-B822-6EEFFE281F48}.Debug|Any CPU.ActiveCfg = Debug|Any CPU
		{CB69FCAE-C430-413B-B822-6EEFFE281F48}.Debug|Any CPU.Build.0 = Debug|Any CPU
		{CB69FCAE-C430-413B-B822-6EEFFE281F48}.Release|Any CPU.ActiveCfg = Release|Any CPU
		{CB69FCAE-C430-413B-B822-6EEFFE281F48}.Release|Any CPU.Build.0 = Release|Any CPU
		{212DFCF4-8C20-4C2C-9986-BAE77098255E}.Debug|Any CPU.ActiveCfg = Debug|Any CPU
		{212DFCF4-8C20-4C2C-9986-BAE77098255E}.Debug|Any CPU.Build.0 = Debug|Any CPU
		{212DFCF4-8C20-4C2C-9986-BAE77098255E}.Release|Any CPU.ActiveCfg = Release|Any CPU
		{212DFCF4-8C20-4C2C-9986-BAE77098255E}.Release|Any CPU.Build.0 = Release|Any CPU
		{27B0EE4D-1257-40A8-BBB7-1858D3E896FF}.Debug|Any CPU.ActiveCfg = Debug|Any CPU
		{27B0EE4D-1257-40A8-BBB7-1858D3E896FF}.Debug|Any CPU.Build.0 = Debug|Any CPU
		{27B0EE4D-1257-40A8-BBB7-1858D3E896FF}.Release|Any CPU.ActiveCfg = Release|Any CPU
		{27B0EE4D-1257-40A8-BBB7-1858D3E896FF}.Release|Any CPU.Build.0 = Release|Any CPU
		{8151BDE7-F27F-4CF5-8F06-AD2F5ADBC954}.Debug|Any CPU.ActiveCfg = Debug|Any CPU
		{8151BDE7-F27F-4CF5-8F06-AD2F5ADBC954}.Debug|Any CPU.Build.0 = Debug|Any CPU
		{8151BDE7-F27F-4CF5-8F06-AD2F5ADBC954}.Release|Any CPU.ActiveCfg = Release|Any CPU
		{8151BDE7-F27F-4CF5-8F06-AD2F5ADBC954}.Release|Any CPU.Build.0 = Release|Any CPU
		{51C2BF79-8BFA-4EA0-8BE3-176EE2BC73DF}.Debug|Any CPU.ActiveCfg = Debug|Any CPU
		{51C2BF79-8BFA-4EA0-8BE3-176EE2BC73DF}.Debug|Any CPU.Build.0 = Debug|Any CPU
		{51C2BF79-8BFA-4EA0-8BE3-176EE2BC73DF}.Release|Any CPU.ActiveCfg = Release|Any CPU
		{51C2BF79-8BFA-4EA0-8BE3-176EE2BC73DF}.Release|Any CPU.Build.0 = Release|Any CPU
		{BBCE998C-0FD4-47E1-B282-DDA2E7288B83}.Debug|Any CPU.ActiveCfg = Debug|Any CPU
		{BBCE998C-0FD4-47E1-B282-DDA2E7288B83}.Debug|Any CPU.Build.0 = Debug|Any CPU
		{BBCE998C-0FD4-47E1-B282-DDA2E7288B83}.Release|Any CPU.ActiveCfg = Release|Any CPU
		{BBCE998C-0FD4-47E1-B282-DDA2E7288B83}.Release|Any CPU.Build.0 = Release|Any CPU
		{B5FF3A1A-18D6-4951-9496-16CEA01B5AFE}.Debug|Any CPU.ActiveCfg = Debug|Any CPU
		{B5FF3A1A-18D6-4951-9496-16CEA01B5AFE}.Debug|Any CPU.Build.0 = Debug|Any CPU
		{B5FF3A1A-18D6-4951-9496-16CEA01B5AFE}.Release|Any CPU.ActiveCfg = Release|Any CPU
		{B5FF3A1A-18D6-4951-9496-16CEA01B5AFE}.Release|Any CPU.Build.0 = Release|Any CPU
	EndGlobalSection
	GlobalSection(SolutionProperties) = preSolution
		HideSolutionNode = FALSE
	EndGlobalSection
	GlobalSection(NestedProjects) = preSolution
		{6DD0E602-6286-4F9B-AA47-C76E9C5044F2} = {DDB47C04-9770-4DDB-BA83-3D6727DFB6DA}
		{9520BB76-A072-488B-AFB3-4E8A77EFCC3A} = {DDB47C04-9770-4DDB-BA83-3D6727DFB6DA}
		{CA10F737-46F7-4450-8FFE-66B88A73597A} = {DDB47C04-9770-4DDB-BA83-3D6727DFB6DA}
		{710E18FF-FB9A-474F-B5CD-2E342DB88E3B} = {DDB47C04-9770-4DDB-BA83-3D6727DFB6DA}
		{73D1DDEA-E6E2-40D3-96CF-F91BB0203606} = {DDB47C04-9770-4DDB-BA83-3D6727DFB6DA}
		{789A4159-92DC-4FD8-B832-93C69C33F22A} = {DDB47C04-9770-4DDB-BA83-3D6727DFB6DA}
		{F05DF28A-0269-4E55-8939-1E41CA970081} = {C71E2107-0166-4E6C-9639-52586ECA3766}
		{8151BDE7-F27F-4CF5-8F06-AD2F5ADBC954} = {C71E2107-0166-4E6C-9639-52586ECA3766}
		{51C2BF79-8BFA-4EA0-8BE3-176EE2BC73DF} = {C71E2107-0166-4E6C-9639-52586ECA3766}
		{BBCE998C-0FD4-47E1-B282-DDA2E7288B83} = {C71E2107-0166-4E6C-9639-52586ECA3766}
		{212DFCF4-8C20-4C2C-9986-BAE77098255E} = {54EC0EE0-952E-436F-BF44-BA71AC658A84}
		{4721BAE4-6CCA-43BF-B272-1393A264BB4F} = {CC76A3AB-F8D3-4096-B9FF-4C129F32BF3E}
		{E627D289-49D8-4DB4-8E77-5EFCE7C7C103} = {CC76A3AB-F8D3-4096-B9FF-4C129F32BF3E}
		{5E4CCBC0-89CD-4F1F-ABBE-219EED52D4A9} = {CC76A3AB-F8D3-4096-B9FF-4C129F32BF3E}
		{CB69FCAE-C430-413B-B822-6EEFFE281F48} = {CC76A3AB-F8D3-4096-B9FF-4C129F32BF3E}
		{27B0EE4D-1257-40A8-BBB7-1858D3E896FF} = {CC76A3AB-F8D3-4096-B9FF-4C129F32BF3E}
		{B5FF3A1A-18D6-4951-9496-16CEA01B5AFE} = {CC76A3AB-F8D3-4096-B9FF-4C129F32BF3E}
		{86D1A0E1-6B6A-4970-8026-17A9E583488D} = {A23D0094-929B-4C8C-9183-A29AFA7094F6}
		{448DB23E-0018-4E8F-9770-F286ADB7470C} = {A23D0094-929B-4C8C-9183-A29AFA7094F6}
		{B0E605C0-B1B2-4FBA-9F65-435B59CEF1E9} = {A23D0094-929B-4C8C-9183-A29AFA7094F6}
		{A28C189D-A8D4-480D-B307-4D1E455A06A2} = {03AA8A49-247B-4EBA-A1D4-CB5B327BC5A0}
		{E6E21B03-6DB5-4B5C-972C-C8620AFF5390} = {03AA8A49-247B-4EBA-A1D4-CB5B327BC5A0}
		{3F3E2162-A8F0-4E69-8DED-665AF52C01B6} = {F59CEDAD-A49F-4C6A-ABB3-5ECFE205A7E2}
		{13B197A4-46DF-48EA-B9DB-AA307AB609EB} = {F59CEDAD-A49F-4C6A-ABB3-5ECFE205A7E2}
	EndGlobalSection
EndGlobal
